
Microsoft Visual Studio Solution File, Format Version 12.00
# Visual Studio Version 17
VisualStudioVersion = 17.0.31903.59
MinimumVisualStudioVersion = 10.0.40219.1
Project("{FAE04EC0-301F-11D3-BF4B-00C04F79EFBC}") = "AwakeOnCastle", "AwakeOnCastle\AwakeOnCastle.csproj", "{E4F1DE8D-1135-40E6-85D9-18538B9CD19A}"
EndProject
Project("{FAE04EC0-301F-11D3-BF4B-00C04F79EFBC}") = "DuplicatesOnCastle", "DuplicatesOnCastle\DuplicatesOnCastle.csproj", "{F580C944-9D2A-407C-8380-A49D06DF67B5}"
EndProject
Project("{FAE04EC0-301F-11D3-BF4B-00C04F79EFBC}") = "LegendaryStart", "LegendaryStart\LegendaryStart.csproj", "{7CD98A9D-508D-46AF-9DE9-62D80BC66C3D}"
EndProject
Project("{FAE04EC0-301F-11D3-BF4B-00C04F79EFBC}") = "NineItems", "NineItems\NineItems.csproj", "{7B70FD0F-0A5E-4FA7-AFD1-F5A5811531EF}"
EndProject
Project("{FAE04EC0-301F-11D3-BF4B-00C04F79EFBC}") = "OmenAndSinStart", "OmenAndSinStart\OmenAndSinStart.csproj", "{4141A5BC-427A-4F33-91B3-AEC51EB21C5F}"
EndProject
Project("{FAE04EC0-301F-11D3-BF4B-00C04F79EFBC}") = "RerollCurses", "RerollCurses\RerollCurses.csproj", "{9D188D73-4847-4C5E-81AC-0390A4587A69}"
EndProject
Project("{FAE04EC0-301F-11D3-BF4B-00C04F79EFBC}") = "RerollsOnCastle", "RerollsOnCastle\RerollsOnCastle.csproj", "{C6770AC4-10F2-4814-A4CD-A6A1678AA899}"
EndProject
Project("{FAE04EC0-301F-11D3-BF4B-00C04F79EFBC}") = "StartingQuintessence", "StartingQuintessence\StartingQuintessence.csproj", "{6F37A99E-0780-445E-9388-4BDE47260C1E}"
EndProject
Project("{FAE04EC0-301F-11D3-BF4B-00C04F79EFBC}") = "HiddenItemsAndSkullsStart", "HiddenItemsAndSkullsStart\HiddenItemsAndSkullsStart.csproj", "{ECD5EBFD-FF4C-4141-B8A3-8FF88D9C47DA}"
EndProject
Project("{FAE04EC0-301F-11D3-BF4B-00C04F79EFBC}") = "Balrog", "Balrog\Balrog.csproj", "{5E9EC2E1-A02E-4DF4-BE65-A4F500009F01}"
EndProject
Project("{FAE04EC0-301F-11D3-BF4B-00C04F79EFBC}") = "DevMenu", "DevMenu\DevMenu.csproj", "{B1A044EC-B725-4FE2-94B9-2EF017C08439}"
EndProject
Project("{FAE04EC0-301F-11D3-BF4B-00C04F79EFBC}") = "RandomStart", "RandomStart\RandomStart.csproj", "{5DE91FB6-6092-4C0C-BAE7-C9642BF5CE51}"
EndProject
Project("{FAE04EC0-301F-11D3-BF4B-00C04F79EFBC}") = "FixNPCs", "FixNPCs\FixNPCs.csproj", "{4341EE5D-9333-491F-BBE2-14E5087DCA57}"
EndProject
Project("{FAE04EC0-301F-11D3-BF4B-00C04F79EFBC}") = "DeathTrap", "DeathTrap\DeathTrap.csproj", "{21469987-DD5B-4720-B862-A7AA2E3AC747}"
EndProject
Project("{FAE04EC0-301F-11D3-BF4B-00C04F79EFBC}") = "Wheelz", "Wheelz\Wheelz.csproj", "{6BBC7353-A4C7-4C2B-8E4D-99FFC9E9359E}"
EndProject
Project("{FAE04EC0-301F-11D3-BF4B-00C04F79EFBC}") = "ThreeSkulls", "ThreeSkulls\ThreeSkulls.csproj", "{88B4D611-863D-436E-B0A5-3D18617884ED}"
EndProject
Project("{FAE04EC0-301F-11D3-BF4B-00C04F79EFBC}") = "CustomItems", "CustomItems\CustomItems.csproj", "{2664CF7F-8F2D-4A67-A558-912723FD4CB2}"
EndProject
Project("{FAE04EC0-301F-11D3-BF4B-00C04F79EFBC}") = "DevMenuTurbo", "DevMenuTurbo\DevMenuTurbo.csproj", "{523A2AB4-037F-4386-AC95-42D9598C2123}"
EndProject
Project("{FAE04EC0-301F-11D3-BF4B-00C04F79EFBC}") = "BuffChamp", "BuffChamp\BuffChamp.csproj", "{7E2395C9-A378-41DA-AE06-C1898513ED02}"
EndProject
Project("{FAE04EC0-301F-11D3-BF4B-00C04F79EFBC}") = "DisplayRealCooldowns", "DisplayRealCooldowns\DisplayRealCooldowns.csproj", "{E9BA6E57-4A8C-4C03-A100-134219FB1F43}"
EndProject
Global
	GlobalSection(SolutionConfigurationPlatforms) = preSolution
		Debug|Any CPU = Debug|Any CPU
		Release|Any CPU = Release|Any CPU
	EndGlobalSection
	GlobalSection(SolutionProperties) = preSolution
		HideSolutionNode = FALSE
	EndGlobalSection
	GlobalSection(ProjectConfigurationPlatforms) = postSolution
		{E4F1DE8D-1135-40E6-85D9-18538B9CD19A}.Debug|Any CPU.ActiveCfg = Debug|Any CPU
		{E4F1DE8D-1135-40E6-85D9-18538B9CD19A}.Debug|Any CPU.Build.0 = Debug|Any CPU
		{E4F1DE8D-1135-40E6-85D9-18538B9CD19A}.Release|Any CPU.ActiveCfg = Release|Any CPU
		{E4F1DE8D-1135-40E6-85D9-18538B9CD19A}.Release|Any CPU.Build.0 = Release|Any CPU
		{F580C944-9D2A-407C-8380-A49D06DF67B5}.Debug|Any CPU.ActiveCfg = Debug|Any CPU
		{F580C944-9D2A-407C-8380-A49D06DF67B5}.Debug|Any CPU.Build.0 = Debug|Any CPU
		{F580C944-9D2A-407C-8380-A49D06DF67B5}.Release|Any CPU.ActiveCfg = Release|Any CPU
		{F580C944-9D2A-407C-8380-A49D06DF67B5}.Release|Any CPU.Build.0 = Release|Any CPU
		{7CD98A9D-508D-46AF-9DE9-62D80BC66C3D}.Debug|Any CPU.ActiveCfg = Debug|Any CPU
		{7CD98A9D-508D-46AF-9DE9-62D80BC66C3D}.Debug|Any CPU.Build.0 = Debug|Any CPU
		{7CD98A9D-508D-46AF-9DE9-62D80BC66C3D}.Release|Any CPU.ActiveCfg = Release|Any CPU
		{7CD98A9D-508D-46AF-9DE9-62D80BC66C3D}.Release|Any CPU.Build.0 = Release|Any CPU
		{7B70FD0F-0A5E-4FA7-AFD1-F5A5811531EF}.Debug|Any CPU.ActiveCfg = Debug|Any CPU
		{7B70FD0F-0A5E-4FA7-AFD1-F5A5811531EF}.Debug|Any CPU.Build.0 = Debug|Any CPU
		{7B70FD0F-0A5E-4FA7-AFD1-F5A5811531EF}.Release|Any CPU.ActiveCfg = Release|Any CPU
		{7B70FD0F-0A5E-4FA7-AFD1-F5A5811531EF}.Release|Any CPU.Build.0 = Release|Any CPU
		{4141A5BC-427A-4F33-91B3-AEC51EB21C5F}.Debug|Any CPU.ActiveCfg = Debug|Any CPU
		{4141A5BC-427A-4F33-91B3-AEC51EB21C5F}.Debug|Any CPU.Build.0 = Debug|Any CPU
		{4141A5BC-427A-4F33-91B3-AEC51EB21C5F}.Release|Any CPU.ActiveCfg = Release|Any CPU
		{4141A5BC-427A-4F33-91B3-AEC51EB21C5F}.Release|Any CPU.Build.0 = Release|Any CPU
		{9D188D73-4847-4C5E-81AC-0390A4587A69}.Debug|Any CPU.ActiveCfg = Debug|Any CPU
		{9D188D73-4847-4C5E-81AC-0390A4587A69}.Debug|Any CPU.Build.0 = Debug|Any CPU
		{9D188D73-4847-4C5E-81AC-0390A4587A69}.Release|Any CPU.ActiveCfg = Release|Any CPU
		{9D188D73-4847-4C5E-81AC-0390A4587A69}.Release|Any CPU.Build.0 = Release|Any CPU
		{C6770AC4-10F2-4814-A4CD-A6A1678AA899}.Debug|Any CPU.ActiveCfg = Debug|Any CPU
		{C6770AC4-10F2-4814-A4CD-A6A1678AA899}.Debug|Any CPU.Build.0 = Debug|Any CPU
		{C6770AC4-10F2-4814-A4CD-A6A1678AA899}.Release|Any CPU.ActiveCfg = Release|Any CPU
		{C6770AC4-10F2-4814-A4CD-A6A1678AA899}.Release|Any CPU.Build.0 = Release|Any CPU
		{6F37A99E-0780-445E-9388-4BDE47260C1E}.Debug|Any CPU.ActiveCfg = Debug|Any CPU
		{6F37A99E-0780-445E-9388-4BDE47260C1E}.Debug|Any CPU.Build.0 = Debug|Any CPU
		{6F37A99E-0780-445E-9388-4BDE47260C1E}.Release|Any CPU.ActiveCfg = Release|Any CPU
		{6F37A99E-0780-445E-9388-4BDE47260C1E}.Release|Any CPU.Build.0 = Release|Any CPU
		{ECD5EBFD-FF4C-4141-B8A3-8FF88D9C47DA}.Debug|Any CPU.ActiveCfg = Debug|Any CPU
		{ECD5EBFD-FF4C-4141-B8A3-8FF88D9C47DA}.Debug|Any CPU.Build.0 = Debug|Any CPU
		{ECD5EBFD-FF4C-4141-B8A3-8FF88D9C47DA}.Release|Any CPU.ActiveCfg = Release|Any CPU
		{ECD5EBFD-FF4C-4141-B8A3-8FF88D9C47DA}.Release|Any CPU.Build.0 = Release|Any CPU
		{5E9EC2E1-A02E-4DF4-BE65-A4F500009F01}.Debug|Any CPU.ActiveCfg = Debug|Any CPU
		{5E9EC2E1-A02E-4DF4-BE65-A4F500009F01}.Debug|Any CPU.Build.0 = Debug|Any CPU
		{5E9EC2E1-A02E-4DF4-BE65-A4F500009F01}.Release|Any CPU.ActiveCfg = Release|Any CPU
		{5E9EC2E1-A02E-4DF4-BE65-A4F500009F01}.Release|Any CPU.Build.0 = Release|Any CPU
		{B1A044EC-B725-4FE2-94B9-2EF017C08439}.Debug|Any CPU.ActiveCfg = Debug|Any CPU
		{B1A044EC-B725-4FE2-94B9-2EF017C08439}.Debug|Any CPU.Build.0 = Debug|Any CPU
		{B1A044EC-B725-4FE2-94B9-2EF017C08439}.Release|Any CPU.ActiveCfg = Release|Any CPU
		{B1A044EC-B725-4FE2-94B9-2EF017C08439}.Release|Any CPU.Build.0 = Release|Any CPU
		{5DE91FB6-6092-4C0C-BAE7-C9642BF5CE51}.Debug|Any CPU.ActiveCfg = Debug|Any CPU
		{5DE91FB6-6092-4C0C-BAE7-C9642BF5CE51}.Debug|Any CPU.Build.0 = Debug|Any CPU
		{5DE91FB6-6092-4C0C-BAE7-C9642BF5CE51}.Release|Any CPU.ActiveCfg = Release|Any CPU
		{5DE91FB6-6092-4C0C-BAE7-C9642BF5CE51}.Release|Any CPU.Build.0 = Release|Any CPU
		{4341EE5D-9333-491F-BBE2-14E5087DCA57}.Debug|Any CPU.ActiveCfg = Debug|Any CPU
		{4341EE5D-9333-491F-BBE2-14E5087DCA57}.Debug|Any CPU.Build.0 = Debug|Any CPU
		{4341EE5D-9333-491F-BBE2-14E5087DCA57}.Release|Any CPU.ActiveCfg = Release|Any CPU
		{4341EE5D-9333-491F-BBE2-14E5087DCA57}.Release|Any CPU.Build.0 = Release|Any CPU
		{21469987-DD5B-4720-B862-A7AA2E3AC747}.Debug|Any CPU.ActiveCfg = Debug|Any CPU
		{21469987-DD5B-4720-B862-A7AA2E3AC747}.Debug|Any CPU.Build.0 = Debug|Any CPU
		{21469987-DD5B-4720-B862-A7AA2E3AC747}.Release|Any CPU.ActiveCfg = Release|Any CPU
		{21469987-DD5B-4720-B862-A7AA2E3AC747}.Release|Any CPU.Build.0 = Release|Any CPU
		{6BBC7353-A4C7-4C2B-8E4D-99FFC9E9359E}.Debug|Any CPU.ActiveCfg = Debug|Any CPU
		{6BBC7353-A4C7-4C2B-8E4D-99FFC9E9359E}.Debug|Any CPU.Build.0 = Debug|Any CPU
		{6BBC7353-A4C7-4C2B-8E4D-99FFC9E9359E}.Release|Any CPU.ActiveCfg = Release|Any CPU
		{6BBC7353-A4C7-4C2B-8E4D-99FFC9E9359E}.Release|Any CPU.Build.0 = Release|Any CPU
		{88B4D611-863D-436E-B0A5-3D18617884ED}.Debug|Any CPU.ActiveCfg = Debug|Any CPU
		{88B4D611-863D-436E-B0A5-3D18617884ED}.Debug|Any CPU.Build.0 = Debug|Any CPU
		{88B4D611-863D-436E-B0A5-3D18617884ED}.Release|Any CPU.ActiveCfg = Release|Any CPU
		{88B4D611-863D-436E-B0A5-3D18617884ED}.Release|Any CPU.Build.0 = Release|Any CPU
		{2664CF7F-8F2D-4A67-A558-912723FD4CB2}.Debug|Any CPU.ActiveCfg = Debug|Any CPU
		{2664CF7F-8F2D-4A67-A558-912723FD4CB2}.Debug|Any CPU.Build.0 = Debug|Any CPU
		{2664CF7F-8F2D-4A67-A558-912723FD4CB2}.Release|Any CPU.ActiveCfg = Release|Any CPU
		{2664CF7F-8F2D-4A67-A558-912723FD4CB2}.Release|Any CPU.Build.0 = Release|Any CPU
		{523A2AB4-037F-4386-AC95-42D9598C2123}.Debug|Any CPU.ActiveCfg = Debug|Any CPU
		{523A2AB4-037F-4386-AC95-42D9598C2123}.Debug|Any CPU.Build.0 = Debug|Any CPU
		{523A2AB4-037F-4386-AC95-42D9598C2123}.Release|Any CPU.ActiveCfg = Release|Any CPU
		{523A2AB4-037F-4386-AC95-42D9598C2123}.Release|Any CPU.Build.0 = Release|Any CPU
		{7E2395C9-A378-41DA-AE06-C1898513ED02}.Debug|Any CPU.ActiveCfg = Debug|Any CPU
		{7E2395C9-A378-41DA-AE06-C1898513ED02}.Debug|Any CPU.Build.0 = Debug|Any CPU
		{7E2395C9-A378-41DA-AE06-C1898513ED02}.Release|Any CPU.ActiveCfg = Release|Any CPU
		{7E2395C9-A378-41DA-AE06-C1898513ED02}.Release|Any CPU.Build.0 = Release|Any CPU
		{E9BA6E57-4A8C-4C03-A100-134219FB1F43}.Debug|Any CPU.ActiveCfg = Debug|Any CPU
		{E9BA6E57-4A8C-4C03-A100-134219FB1F43}.Debug|Any CPU.Build.0 = Debug|Any CPU
		{E9BA6E57-4A8C-4C03-A100-134219FB1F43}.Release|Any CPU.ActiveCfg = Release|Any CPU
		{E9BA6E57-4A8C-4C03-A100-134219FB1F43}.Release|Any CPU.Build.0 = Release|Any CPU
	EndGlobalSection
EndGlobal
